// !$*UTF8*$!
{
	archiveVersion = 1;
	classes = {
	};
	objectVersion = 46;
	objects = {

/* Begin PBXBuildFile section */
		334C86421F065802004C6DEB /* AppDelegate.swift in Sources */ = {isa = PBXBuildFile; fileRef = 334C86411F065802004C6DEB /* AppDelegate.swift */; };
		334C86441F065802004C6DEB /* ViewController.swift in Sources */ = {isa = PBXBuildFile; fileRef = 334C86431F065802004C6DEB /* ViewController.swift */; };
		334C86471F065802004C6DEB /* Main.storyboard in Resources */ = {isa = PBXBuildFile; fileRef = 334C86451F065802004C6DEB /* Main.storyboard */; };
		334C86491F065802004C6DEB /* Assets.xcassets in Resources */ = {isa = PBXBuildFile; fileRef = 334C86481F065802004C6DEB /* Assets.xcassets */; };
		334C864C1F065802004C6DEB /* LaunchScreen.storyboard in Resources */ = {isa = PBXBuildFile; fileRef = 334C864A1F065802004C6DEB /* LaunchScreen.storyboard */; };
		334C86541F06580F004C6DEB /* XXWebView.swift in Sources */ = {isa = PBXBuildFile; fileRef = 334C86531F06580F004C6DEB /* XXWebView.swift */; };
/* End PBXBuildFile section */

/* Begin PBXFileReference section */
		334C863E1F065802004C6DEB /* XXWebView.app */ = {isa = PBXFileReference; explicitFileType = wrapper.application; includeInIndex = 0; path = XXWebView.app; sourceTree = BUILT_PRODUCTS_DIR; };
		334C86411F065802004C6DEB /* AppDelegate.swift */ = {isa = PBXFileReference; lastKnownFileType = sourcecode.swift; path = AppDelegate.swift; sourceTree = "<group>"; };
		334C86431F065802004C6DEB /* ViewController.swift */ = {isa = PBXFileReference; lastKnownFileType = sourcecode.swift; path = ViewController.swift; sourceTree = "<group>"; };
		334C86461F065802004C6DEB /* Base */ = {isa = PBXFileReference; lastKnownFileType = file.storyboard; name = Base; path = Base.lproj/Main.storyboard; sourceTree = "<group>"; };
		334C86481F065802004C6DEB /* Assets.xcassets */ = {isa = PBXFileReference; lastKnownFileType = folder.assetcatalog; path = Assets.xcassets; sourceTree = "<group>"; };
		334C864B1F065802004C6DEB /* Base */ = {isa = PBXFileReference; lastKnownFileType = file.storyboard; name = Base; path = Base.lproj/LaunchScreen.storyboard; sourceTree = "<group>"; };
		334C864D1F065802004C6DEB /* Info.plist */ = {isa = PBXFileReference; lastKnownFileType = text.plist.xml; path = Info.plist; sourceTree = "<group>"; };
		334C86531F06580F004C6DEB /* XXWebView.swift */ = {isa = PBXFileReference; fileEncoding = 4; lastKnownFileType = sourcecode.swift; path = XXWebView.swift; sourceTree = "<group>"; };
/* End PBXFileReference section */

/* Begin PBXFrameworksBuildPhase section */
		334C863B1F065802004C6DEB /* Frameworks */ = {
			isa = PBXFrameworksBuildPhase;
			buildActionMask = 2147483647;
			files = (
			);
			runOnlyForDeploymentPostprocessing = 0;
		};
/* End PBXFrameworksBuildPhase section */

/* Begin PBXGroup section */
		334C86351F065802004C6DEB = {
			isa = PBXGroup;
			children = (
				334C86401F065802004C6DEB /* XXWebView */,
				334C863F1F065802004C6DEB /* Products */,
			);
			sourceTree = "<group>";
		};
		334C863F1F065802004C6DEB /* Products */ = {
			isa = PBXGroup;
			children = (
				334C863E1F065802004C6DEB /* XXWebView.app */,
			);
			name = Products;
			sourceTree = "<group>";
		};
		334C86401F065802004C6DEB /* XXWebView */ = {
			isa = PBXGroup;
			children = (
				334C86531F06580F004C6DEB /* XXWebView.swift */,
				334C86411F065802004C6DEB /* AppDelegate.swift */,
				334C86431F065802004C6DEB /* ViewController.swift */,
				334C86451F065802004C6DEB /* Main.storyboard */,
				334C86481F065802004C6DEB /* Assets.xcassets */,
				334C864A1F065802004C6DEB /* LaunchScreen.storyboard */,
				334C864D1F065802004C6DEB /* Info.plist */,
			);
			path = XXWebView;
			sourceTree = "<group>";
		};
/* End PBXGroup section */

/* Begin PBXNativeTarget section */
		334C863D1F065802004C6DEB /* XXWebView */ = {
			isa = PBXNativeTarget;
			buildConfigurationList = 334C86501F065802004C6DEB /* Build configuration list for PBXNativeTarget "XXWebView" */;
			buildPhases = (
				334C863A1F065802004C6DEB /* Sources */,
				334C863B1F065802004C6DEB /* Frameworks */,
				334C863C1F065802004C6DEB /* Resources */,
			);
			buildRules = (
			);
			dependencies = (
			);
			name = XXWebView;
			productName = XXWebView;
			productReference = 334C863E1F065802004C6DEB /* XXWebView.app */;
			productType = "com.apple.product-type.application";
		};
/* End PBXNativeTarget section */

/* Begin PBXProject section */
		334C86361F065802004C6DEB /* Project object */ = {
			isa = PBXProject;
			attributes = {
				LastSwiftUpdateCheck = 0830;
				LastUpgradeCheck = 0830;
				ORGANIZATIONNAME = x;
				TargetAttributes = {
					334C863D1F065802004C6DEB = {
						CreatedOnToolsVersion = 8.3.3;
						ProvisioningStyle = Automatic;
					};
				};
			};
			buildConfigurationList = 334C86391F065802004C6DEB /* Build configuration list for PBXProject "XXWebView" */;
			compatibilityVersion = "Xcode 3.2";
			developmentRegion = English;
			hasScannedForEncodings = 0;
			knownRegions = (
				en,
				Base,
			);
			mainGroup = 334C86351F065802004C6DEB;
			productRefGroup = 334C863F1F065802004C6DEB /* Products */;
			projectDirPath = "";
			projectRoot = "";
			targets = (
				334C863D1F065802004C6DEB /* XXWebView */,
			);
		};
/* End PBXProject section */

/* Begin PBXResourcesBuildPhase section */
		334C863C1F065802004C6DEB /* Resources */ = {
			isa = PBXResourcesBuildPhase;
			buildActionMask = 2147483647;
			files = (
				334C864C1F065802004C6DEB /* LaunchScreen.storyboard in Resources */,
				334C86491F065802004C6DEB /* Assets.xcassets in Resources */,
				334C86471F065802004C6DEB /* Main.storyboard in Resources */,
			);
			runOnlyForDeploymentPostprocessing = 0;
		};
/* End PBXResourcesBuildPhase section */

/* Begin PBXSourcesBuildPhase section */
		334C863A1F065802004C6DEB /* Sources */ = {
			isa = PBXSourcesBuildPhase;
			buildActionMask = 2147483647;
			files = (
				334C86441F065802004C6DEB /* ViewController.swift in Sources */,
				334C86421F065802004C6DEB /* AppDelegate.swift in Sources */,
				334C86541F06580F004C6DEB /* XXWebView.swift in Sources */,
			);
			runOnlyForDeploymentPostprocessing = 0;
		};
/* End PBXSourcesBuildPhase section */

/* Begin PBXVariantGroup section */
		334C86451F065802004C6DEB /* Main.storyboard */ = {
			isa = PBXVariantGroup;
			children = (
				334C86461F065802004C6DEB /* Base */,
			);
			name = Main.storyboard;
			sourceTree = "<group>";
		};
		334C864A1F065802004C6DEB /* LaunchScreen.storyboard */ = {
			isa = PBXVariantGroup;
			children = (
				334C864B1F065802004C6DEB /* Base */,
			);
			name = LaunchScreen.storyboard;
			sourceTree = "<group>";
		};
/* End PBXVariantGroup section */

/* Begin XCBuildConfiguration section */
		334C864E1F065802004C6DEB /* Debug */ = {
			isa = XCBuildConfiguration;
			buildSettings = {
				ALWAYS_SEARCH_USER_PATHS = NO;
				CLANG_ANALYZER_NONNULL = YES;
				CLANG_ANALYZER_NUMBER_OBJECT_CONVERSION = YES_AGGRESSIVE;
				CLANG_CXX_LANGUAGE_STANDARD = "gnu++0x";
				CLANG_CXX_LIBRARY = "libc++";
				CLANG_ENABLE_MODULES = YES;
				CLANG_ENABLE_OBJC_ARC = YES;
				CLANG_WARN_BOOL_CONVERSION = YES;
				CLANG_WARN_CONSTANT_CONVERSION = YES;
				CLANG_WARN_DIRECT_OBJC_ISA_USAGE = YES_ERROR;
				CLANG_WARN_DOCUMENTATION_COMMENTS = YES;
				CLANG_WARN_EMPTY_BODY = YES;
				CLANG_WARN_ENUM_CONVERSION = YES;
				CLANG_WARN_INFINITE_RECURSION = YES;
				CLANG_WARN_INT_CONVERSION = YES;
				CLANG_WARN_OBJC_ROOT_CLASS = YES_ERROR;
				CLANG_WARN_SUSPICIOUS_MOVE = YES;
				CLANG_WARN_UNREACHABLE_CODE = YES;
				CLANG_WARN__DUPLICATE_METHOD_MATCH = YES;
				"CODE_SIGN_IDENTITY[sdk=iphoneos*]" = "iPhone Developer";
				COPY_PHASE_STRIP = NO;
				DEBUG_INFORMATION_FORMAT = dwarf;
				ENABLE_STRICT_OBJC_MSGSEND = YES;
				ENABLE_TESTABILITY = YES;
				GCC_C_LANGUAGE_STANDARD = gnu99;
				GCC_DYNAMIC_NO_PIC = NO;
				GCC_NO_COMMON_BLOCKS = YES;
				GCC_OPTIMIZATION_LEVEL = 0;
				GCC_PREPROCESSOR_DEFINITIONS = (
					"DEBUG=1",
					"$(inherited)",
				);
				GCC_WARN_64_TO_32_BIT_CONVERSION = YES;
				GCC_WARN_ABOUT_RETURN_TYPE = YES_ERROR;
				GCC_WARN_UNDECLARED_SELECTOR = YES;
				GCC_WARN_UNINITIALIZED_AUTOS = YES_AGGRESSIVE;
				GCC_WARN_UNUSED_FUNCTION = YES;
				GCC_WARN_UNUSED_VARIABLE = YES;
				IPHONEOS_DEPLOYMENT_TARGET = 10.3;
				MTL_ENABLE_DEBUG_INFO = YES;
				ONLY_ACTIVE_ARCH = YES;
				SDKROOT = iphoneos;
				SWIFT_ACTIVE_COMPILATION_CONDITIONS = DEBUG;
				SWIFT_OPTIMIZATION_LEVEL = "-Onone";
			};
			name = Debug;
		};
		334C864F1F065802004C6DEB /* Release */ = {
			isa = XCBuildConfiguration;
			buildSettings = {
				ALWAYS_SEARCH_USER_PATHS = NO;
				CLANG_ANALYZER_NONNULL = YES;
				CLANG_ANALYZER_NUMBER_OBJECT_CONVERSION = YES_AGGRESSIVE;
				CLANG_CXX_LANGUAGE_STANDARD = "gnu++0x";
				CLANG_CXX_LIBRARY = "libc++";
				CLANG_ENABLE_MODULES = YES;
				CLANG_ENABLE_OBJC_ARC = YES;
				CLANG_WARN_BOOL_CONVERSION = YES;
				CLANG_WARN_CONSTANT_CONVERSION = YES;
				CLANG_WARN_DIRECT_OBJC_ISA_USAGE = YES_ERROR;
				CLANG_WARN_DOCUMENTATION_COMMENTS = YES;
				CLANG_WARN_EMPTY_BODY = YES;
				CLANG_WARN_ENUM_CONVERSION = YES;
				CLANG_WARN_INFINITE_RECURSION = YES;
				CLANG_WARN_INT_CONVERSION = YES;
				CLANG_WARN_OBJC_ROOT_CLASS = YES_ERROR;
				CLANG_WARN_SUSPICIOUS_MOVE = YES;
				CLANG_WARN_UNREACHABLE_CODE = YES;
				CLANG_WARN__DUPLICATE_METHOD_MATCH = YES;
				"CODE_SIGN_IDENTITY[sdk=iphoneos*]" = "iPhone Developer";
				COPY_PHASE_STRIP = NO;
				DEBUG_INFORMATION_FORMAT = "dwarf-with-dsym";
				ENABLE_NS_ASSERTIONS = NO;
				ENABLE_STRICT_OBJC_MSGSEND = YES;
				GCC_C_LANGUAGE_STANDARD = gnu99;
				GCC_NO_COMMON_BLOCKS = YES;
				GCC_WARN_64_TO_32_BIT_CONVERSION = YES;
				GCC_WARN_ABOUT_RETURN_TYPE = YES_ERROR;
				GCC_WARN_UNDECLARED_SELECTOR = YES;
				GCC_WARN_UNINITIALIZED_AUTOS = YES_AGGRESSIVE;
				GCC_WARN_UNUSED_FUNCTION = YES;
				GCC_WARN_UNUSED_VARIABLE = YES;
				IPHONEOS_DEPLOYMENT_TARGET = 10.3;
				MTL_ENABLE_DEBUG_INFO = NO;
				SDKROOT = iphoneos;
				SWIFT_OPTIMIZATION_LEVEL = "-Owholemodule";
				VALIDATE_PRODUCT = YES;
			};
			name = Release;
		};
		334C86511F065802004C6DEB /* Debug */ = {
			isa = XCBuildConfiguration;
			buildSettings = {
				ASSETCATALOG_COMPILER_APPICON_NAME = AppIcon;
				INFOPLIST_FILE = XXWebView/Info.plist;
				LD_RUNPATH_SEARCH_PATHS = "$(inherited) @executable_path/Frameworks";
				PRODUCT_BUNDLE_IDENTIFIER = com.jinrong.XXWebView;
				PRODUCT_NAME = "$(TARGET_NAME)";
				SWIFT_VERSION = 3.0;
			};
			name = Debug;
		};
		334C86521F065802004C6DEB /* Release */ = {
			isa = XCBuildConfiguration;
			buildSettings = {
				ASSETCATALOG_COMPILER_APPICON_NAME = AppIcon;
				INFOPLIST_FILE = XXWebView/Info.plist;
				LD_RUNPATH_SEARCH_PATHS = "$(inherited) @executable_path/Frameworks";
				PRODUCT_BUNDLE_IDENTIFIER = com.jinrong.XXWebView;
				PRODUCT_NAME = "$(TARGET_NAME)";
				SWIFT_VERSION = 3.0;
			};
			name = Release;
		};
/* End XCBuildConfiguration section */

/* Begin XCConfigurationList section */
		334C86391F065802004C6DEB /* Build configuration list for PBXProject "XXWebView" */ = {
			isa = XCConfigurationList;
			buildConfigurations = (
				334C864E1F065802004C6DEB /* Debug */,
				334C864F1F065802004C6DEB /* Release */,
			);
			defaultConfigurationIsVisible = 0;
			defaultConfigurationName = Release;
		};
		334C86501F065802004C6DEB /* Build configuration list for PBXNativeTarget "XXWebView" */ = {
			isa = XCConfigurationList;
			buildConfigurations = (
				334C86511F065802004C6DEB /* Debug */,
				334C86521F065802004C6DEB /* Release */,
			);
			defaultConfigurationIsVisible = 0;
		};
/* End XCConfigurationList section */
	};
	rootObject = 334C86361F065802004C6DEB /* Project object */;
}
